
Microsoft Visual Studio Solution File, Format Version 12.00
# Visual Studio Version 17
VisualStudioVersion = 17.11.35208.52
MinimumVisualStudioVersion = 10.0.40219.1
Project("{FAE04EC0-301F-11D3-BF4B-00C04F79EFBC}") = "CalculatorApp", "CalculatorApp\CalculatorApp.csproj", "{93AE8EAF-F294-4625-8943-485CC1DC6779}"
EndProject
Global
	GlobalSection(SolutionConfigurationPlatforms) = preSolution
		Debug|Any CPU = Debug|Any CPU
		Release|Any CPU = Release|Any CPU
	EndGlobalSection
	GlobalSection(ProjectConfigurationPlatforms) = postSolution
		{93AE8EAF-F294-4625-8943-485CC1DC6779}.Debug|Any CPU.ActiveCfg = Debug|Any CPU
		{93AE8EAF-F294-4625-8943-485CC1DC6779}.Debug|Any CPU.Build.0 = Debug|Any CPU
		{93AE8EAF-F294-4625-8943-485CC1DC6779}.Release|Any CPU.ActiveCfg = Release|Any CPU
		{93AE8EAF-F294-4625-8943-485CC1DC6779}.Release|Any CPU.Build.0 = Release|Any CPU
	EndGlobalSection
	GlobalSection(SolutionProperties) = preSolution
		HideSolutionNode = FALSE
	EndGlobalSection
	GlobalSection(ExtensibilityGlobals) = postSolution
		SolutionGuid = {E6483E38-AB90-4DD2-84A5-486FE59AE793}
	EndGlobalSection
EndGlobal
